
Microsoft Visual Studio Solution File, Format Version 12.00
# Visual Studio Version 18
VisualStudioVersion = 18.4.11620.152 stable
MinimumVisualStudioVersion = 10.0.40219.1
Project("{2150E333-8FDC-42A3-9474-1A3956D46DE8}") = "src", "src", "{1D23096F-FF3F-4429-A124-4E309627E1B6}"
EndProject
Project("{FAE04EC0-301F-11D3-BF4B-00C04F79EFBC}") = "WebApp", "WebApp\WebApp.csproj", "{65F0CE00-EB6A-4992-AB39-7A61DEC77B98}"
EndProject
Project("{FAE04EC0-301F-11D3-BF4B-00C04F79EFBC}") = "ExternalApi", "ExternalApi\ExternalApi.csproj", "{44D6AF96-5FD9-4ED0-8CDC-847BA9124AEA}"
EndProject
Global
	GlobalSection(SolutionConfigurationPlatforms) = preSolution
		Debug|Any CPU = Debug|Any CPU
		Release|Any CPU = Release|Any CPU
	EndGlobalSection
	GlobalSection(ProjectConfigurationPlatforms) = postSolution
		{65F0CE00-EB6A-4992-AB39-7A61DEC77B98}.Debug|Any CPU.ActiveCfg = Debug|Any CPU
		{65F0CE00-EB6A-4992-AB39-7A61DEC77B98}.Debug|Any CPU.Build.0 = Debug|Any CPU
		{65F0CE00-EB6A-4992-AB39-7A61DEC77B98}.Release|Any CPU.ActiveCfg = Release|Any CPU
		{65F0CE00-EB6A-4992-AB39-7A61DEC77B98}.Release|Any CPU.Build.0 = Release|Any CPU
		{44D6AF96-5FD9-4ED0-8CDC-847BA9124AEA}.Debug|Any CPU.ActiveCfg = Debug|Any CPU
		{44D6AF96-5FD9-4ED0-8CDC-847BA9124AEA}.Debug|Any CPU.Build.0 = Debug|Any CPU
		{44D6AF96-5FD9-4ED0-8CDC-847BA9124AEA}.Release|Any CPU.ActiveCfg = Release|Any CPU
		{44D6AF96-5FD9-4ED0-8CDC-847BA9124AEA}.Release|Any CPU.Build.0 = Release|Any CPU
	EndGlobalSection
	GlobalSection(SolutionProperties) = preSolution
		HideSolutionNode = FALSE
	EndGlobalSection
	GlobalSection(NestedProjects) = preSolution
		{65F0CE00-EB6A-4992-AB39-7A61DEC77B98} = {1D23096F-FF3F-4429-A124-4E309627E1B6}
		{44D6AF96-5FD9-4ED0-8CDC-847BA9124AEA} = {1D23096F-FF3F-4429-A124-4E309627E1B6}
	EndGlobalSection
	GlobalSection(ExtensibilityGlobals) = postSolution
		SolutionGuid = {8CB3A3DE-9C39-4803-AB8D-EB1F6CC3E98A}
	EndGlobalSection
EndGlobal
